
Microsoft Visual Studio Solution File, Format Version 12.00
# Visual Studio Version 17
VisualStudioVersion = 17.7.34024.191
MinimumVisualStudioVersion = 10.0.40219.1
Project("{FAE04EC0-301F-11D3-BF4B-00C04F79EFBC}") = "qweqwe", "qweqwe.csproj", "{03ECD64C-91BE-4002-858B-2512E61F05EA}"
EndProject
Global
	GlobalSection(SolutionConfigurationPlatforms) = preSolution
		Debug|Any CPU = Debug|Any CPU
		Release|Any CPU = Release|Any CPU
	EndGlobalSection
	GlobalSection(ProjectConfigurationPlatforms) = postSolution
		{03ECD64C-91BE-4002-858B-2512E61F05EA}.Debug|Any CPU.ActiveCfg = Debug|Any CPU
		{03ECD64C-91BE-4002-858B-2512E61F05EA}.Debug|Any CPU.Build.0 = Debug|Any CPU
		{03ECD64C-91BE-4002-858B-2512E61F05EA}.Release|Any CPU.ActiveCfg = Release|Any CPU
		{03ECD64C-91BE-4002-858B-2512E61F05EA}.Release|Any CPU.Build.0 = Release|Any CPU
	EndGlobalSection
	GlobalSection(SolutionProperties) = preSolution
		HideSolutionNode = FALSE
	EndGlobalSection
	GlobalSection(ExtensibilityGlobals) = postSolution
		SolutionGuid = {E1CF19E4-C5D3-4300-B150-E3308253D0E6}
	EndGlobalSection
EndGlobal
